
Microsoft Visual Studio Solution File, Format Version 12.00
# Visual Studio Version 16
VisualStudioVersion = 16.0.32126.315
MinimumVisualStudioVersion = 10.0.40219.1
Project("{FAE04EC0-301F-11D3-BF4B-00C04F79EFBC}") = "_WebAppHang", "_WebAppHang\_WebAppHang.csproj", "{1B9BE2A7-B244-48A3-8EAE-4585EC06099F}"
EndProject
Global
	GlobalSection(SolutionConfigurationPlatforms) = preSolution
		Debug|Any CPU = Debug|Any CPU
		Release|Any CPU = Release|Any CPU
	EndGlobalSection
	GlobalSection(ProjectConfigurationPlatforms) = postSolution
		{1B9BE2A7-B244-48A3-8EAE-4585EC06099F}.Debug|Any CPU.ActiveCfg = Debug|Any CPU
		{1B9BE2A7-B244-48A3-8EAE-4585EC06099F}.Debug|Any CPU.Build.0 = Debug|Any CPU
		{1B9BE2A7-B244-48A3-8EAE-4585EC06099F}.Release|Any CPU.ActiveCfg = Release|Any CPU
		{1B9BE2A7-B244-48A3-8EAE-4585EC06099F}.Release|Any CPU.Build.0 = Release|Any CPU
	EndGlobalSection
	GlobalSection(SolutionProperties) = preSolution
		HideSolutionNode = FALSE
	EndGlobalSection
	GlobalSection(ExtensibilityGlobals) = postSolution
		SolutionGuid = {755F00E1-AE53-49CC-BCFB-2FA3F2068954}
	EndGlobalSection
EndGlobal
